// !$*UTF8*$!
{
	archiveVersion = 1;
	classes = {
	};
	objectVersion = 56;
	objects = {

/* Begin PBXBuildFile section */
		6A32250928DB067D001387A4 /* AppDelegate.swift in Sources */ = {isa = PBXBuildFile; fileRef = 6A32250828DB067D001387A4 /* AppDelegate.swift */; };
		6A32250B28DB067D001387A4 /* SceneDelegate.swift in Sources */ = {isa = PBXBuildFile; fileRef = 6A32250A28DB067D001387A4 /* SceneDelegate.swift */; };
		6A32251228DB067D001387A4 /* Assets.xcassets in Resources */ = {isa = PBXBuildFile; fileRef = 6A32251128DB067D001387A4 /* Assets.xcassets */; };
		6A32251528DB067D001387A4 /* LaunchScreen.storyboard in Resources */ = {isa = PBXBuildFile; fileRef = 6A32251328DB067D001387A4 /* LaunchScreen.storyboard */; };
		6A32251D28DB06AA001387A4 /* TabBarController.swift in Sources */ = {isa = PBXBuildFile; fileRef = 6A32251C28DB06AA001387A4 /* TabBarController.swift */; };
		6A32251F28DB06BE001387A4 /* HabitsViewController.swift in Sources */ = {isa = PBXBuildFile; fileRef = 6A32251E28DB06BE001387A4 /* HabitsViewController.swift */; };
		6A32252128DB06D0001387A4 /* InfoViewController.swift in Sources */ = {isa = PBXBuildFile; fileRef = 6A32252028DB06D0001387A4 /* InfoViewController.swift */; };
		6A32252328DB06E4001387A4 /* InfoModel.swift in Sources */ = {isa = PBXBuildFile; fileRef = 6A32252228DB06E4001387A4 /* InfoModel.swift */; };
		6A32252528DB06EF001387A4 /* HabitsStore.swift in Sources */ = {isa = PBXBuildFile; fileRef = 6A32252428DB06EF001387A4 /* HabitsStore.swift */; };
		6A32252C28DB0F52001387A4 /* .gitignore in Resources */ = {isa = PBXBuildFile; fileRef = 6A32252B28DB0F52001387A4 /* .gitignore */; };
		6A32252E28DB19E8001387A4 /* HabitViewController.swift in Sources */ = {isa = PBXBuildFile; fileRef = 6A32252D28DB19E8001387A4 /* HabitViewController.swift */; };
		6A931FC928E04AE2009A8234 /* HabitDetailsViewController.swift in Sources */ = {isa = PBXBuildFile; fileRef = 6A931FC828E04AE2009A8234 /* HabitDetailsViewController.swift */; };
		6A931FCB28E094C4009A8234 /* HabitDetailsTableViewCell.swift in Sources */ = {isa = PBXBuildFile; fileRef = 6A931FCA28E094C4009A8234 /* HabitDetailsTableViewCell.swift */; };
		6ACFF65028DD921D00F20210 /* ProgressCollectionViewCell.swift in Sources */ = {isa = PBXBuildFile; fileRef = 6ACFF64F28DD921D00F20210 /* ProgressCollectionViewCell.swift */; };
		6ACFF65228DD923200F20210 /* HabitCollectionViewCell.swift in Sources */ = {isa = PBXBuildFile; fileRef = 6ACFF65128DD923200F20210 /* HabitCollectionViewCell.swift */; };
		6AFFF49628DC4FA400C97612 /* ColorModel.swift in Sources */ = {isa = PBXBuildFile; fileRef = 6AFFF49528DC4FA400C97612 /* ColorModel.swift */; };
/* End PBXBuildFile section */

/* Begin PBXFileReference section */
		6A32250528DB067D001387A4 /* MyHabits.app */ = {isa = PBXFileReference; explicitFileType = wrapper.application; includeInIndex = 0; path = MyHabits.app; sourceTree = BUILT_PRODUCTS_DIR; };
		6A32250828DB067D001387A4 /* AppDelegate.swift */ = {isa = PBXFileReference; lastKnownFileType = sourcecode.swift; path = AppDelegate.swift; sourceTree = "<group>"; };
		6A32250A28DB067D001387A4 /* SceneDelegate.swift */ = {isa = PBXFileReference; lastKnownFileType = sourcecode.swift; path = SceneDelegate.swift; sourceTree = "<group>"; };
		6A32251128DB067D001387A4 /* Assets.xcassets */ = {isa = PBXFileReference; lastKnownFileType = folder.assetcatalog; path = Assets.xcassets; sourceTree = "<group>"; };
		6A32251428DB067D001387A4 /* Base */ = {isa = PBXFileReference; lastKnownFileType = file.storyboard; name = Base; path = Base.lproj/LaunchScreen.storyboard; sourceTree = "<group>"; };
		6A32251628DB067D001387A4 /* Info.plist */ = {isa = PBXFileReference; lastKnownFileType = text.plist.xml; path = Info.plist; sourceTree = "<group>"; };
		6A32251C28DB06AA001387A4 /* TabBarController.swift */ = {isa = PBXFileReference; lastKnownFileType = sourcecode.swift; path = TabBarController.swift; sourceTree = "<group>"; };
		6A32251E28DB06BE001387A4 /* HabitsViewController.swift */ = {isa = PBXFileReference; lastKnownFileType = sourcecode.swift; path = HabitsViewController.swift; sourceTree = "<group>"; };
		6A32252028DB06D0001387A4 /* InfoViewController.swift */ = {isa = PBXFileReference; lastKnownFileType = sourcecode.swift; path = InfoViewController.swift; sourceTree = "<group>"; };
		6A32252228DB06E4001387A4 /* InfoModel.swift */ = {isa = PBXFileReference; lastKnownFileType = sourcecode.swift; path = InfoModel.swift; sourceTree = "<group>"; };
		6A32252428DB06EF001387A4 /* HabitsStore.swift */ = {isa = PBXFileReference; lastKnownFileType = sourcecode.swift; path = HabitsStore.swift; sourceTree = "<group>"; };
		6A32252B28DB0F52001387A4 /* .gitignore */ = {isa = PBXFileReference; lastKnownFileType = text; path = .gitignore; sourceTree = "<group>"; };
		6A32252D28DB19E8001387A4 /* HabitViewController.swift */ = {isa = PBXFileReference; lastKnownFileType = sourcecode.swift; path = HabitViewController.swift; sourceTree = "<group>"; };
		6A931FC828E04AE2009A8234 /* HabitDetailsViewController.swift */ = {isa = PBXFileReference; lastKnownFileType = sourcecode.swift; path = HabitDetailsViewController.swift; sourceTree = "<group>"; };
		6A931FCA28E094C4009A8234 /* HabitDetailsTableViewCell.swift */ = {isa = PBXFileReference; lastKnownFileType = sourcecode.swift; path = HabitDetailsTableViewCell.swift; sourceTree = "<group>"; };
		6ACFF64F28DD921D00F20210 /* ProgressCollectionViewCell.swift */ = {isa = PBXFileReference; lastKnownFileType = sourcecode.swift; path = ProgressCollectionViewCell.swift; sourceTree = "<group>"; };
		6ACFF65128DD923200F20210 /* HabitCollectionViewCell.swift */ = {isa = PBXFileReference; lastKnownFileType = sourcecode.swift; path = HabitCollectionViewCell.swift; sourceTree = "<group>"; };
		6AFFF49528DC4FA400C97612 /* ColorModel.swift */ = {isa = PBXFileReference; lastKnownFileType = sourcecode.swift; path = ColorModel.swift; sourceTree = "<group>"; };
/* End PBXFileReference section */

/* Begin PBXFrameworksBuildPhase section */
		6A32250228DB067D001387A4 /* Frameworks */ = {
			isa = PBXFrameworksBuildPhase;
			buildActionMask = 2147483647;
			files = (
			);
			runOnlyForDeploymentPostprocessing = 0;
		};
/* End PBXFrameworksBuildPhase section */

/* Begin PBXGroup section */
		6A3224FC28DB067D001387A4 = {
			isa = PBXGroup;
			children = (
				6A32252B28DB0F52001387A4 /* .gitignore */,
				6A32250728DB067D001387A4 /* MyHabits */,
				6A32250628DB067D001387A4 /* Products */,
			);
			sourceTree = "<group>";
		};
		6A32250628DB067D001387A4 /* Products */ = {
			isa = PBXGroup;
			children = (
				6A32250528DB067D001387A4 /* MyHabits.app */,
			);
			name = Products;
			sourceTree = "<group>";
		};
		6A32250728DB067D001387A4 /* MyHabits */ = {
			isa = PBXGroup;
			children = (
				6A32252628DB06F9001387A4 /* Aplication */,
				6A32252728DB070B001387A4 /* TabBarModule */,
				6A32252828DB0739001387A4 /* HabitsModule */,
				6A32252928DB074B001387A4 /* InfoModule */,
				6A32252A28DB0789001387A4 /* HabitsData */,
				6AFFF49728DC529500C97612 /* Models */,
				6A32251128DB067D001387A4 /* Assets.xcassets */,
				6A32251328DB067D001387A4 /* LaunchScreen.storyboard */,
				6A32251628DB067D001387A4 /* Info.plist */,
			);
			path = MyHabits;
			sourceTree = "<group>";
		};
		6A32252628DB06F9001387A4 /* Aplication */ = {
			isa = PBXGroup;
			children = (
				6A32250828DB067D001387A4 /* AppDelegate.swift */,
				6A32250A28DB067D001387A4 /* SceneDelegate.swift */,
			);
			path = Aplication;
			sourceTree = "<group>";
		};
		6A32252728DB070B001387A4 /* TabBarModule */ = {
			isa = PBXGroup;
			children = (
				6A32251C28DB06AA001387A4 /* TabBarController.swift */,
			);
			path = TabBarModule;
			sourceTree = "<group>";
		};
		6A32252828DB0739001387A4 /* HabitsModule */ = {
			isa = PBXGroup;
			children = (
				6A32251E28DB06BE001387A4 /* HabitsViewController.swift */,
				6A32252D28DB19E8001387A4 /* HabitViewController.swift */,
				6ACFF64F28DD921D00F20210 /* ProgressCollectionViewCell.swift */,
				6ACFF65128DD923200F20210 /* HabitCollectionViewCell.swift */,
				6A931FC828E04AE2009A8234 /* HabitDetailsViewController.swift */,
				6A931FCA28E094C4009A8234 /* HabitDetailsTableViewCell.swift */,
			);
			path = HabitsModule;
			sourceTree = "<group>";
		};
		6A32252928DB074B001387A4 /* InfoModule */ = {
			isa = PBXGroup;
			children = (
				6A32252028DB06D0001387A4 /* InfoViewController.swift */,
				6A32252228DB06E4001387A4 /* InfoModel.swift */,
			);
			path = InfoModule;
			sourceTree = "<group>";
		};
		6A32252A28DB0789001387A4 /* HabitsData */ = {
			isa = PBXGroup;
			children = (
				6A32252428DB06EF001387A4 /* HabitsStore.swift */,
			);
			path = HabitsData;
			sourceTree = "<group>";
		};
		6AFFF49728DC529500C97612 /* Models */ = {
			isa = PBXGroup;
			children = (
				6AFFF49528DC4FA400C97612 /* ColorModel.swift */,
			);
			path = Models;
			sourceTree = "<group>";
		};
/* End PBXGroup section */

/* Begin PBXNativeTarget section */
		6A32250428DB067D001387A4 /* MyHabits */ = {
			isa = PBXNativeTarget;
			buildConfigurationList = 6A32251928DB067D001387A4 /* Build configuration list for PBXNativeTarget "MyHabits" */;
			buildPhases = (
				6A32250128DB067D001387A4 /* Sources */,
				6A32250228DB067D001387A4 /* Frameworks */,
				6A32250328DB067D001387A4 /* Resources */,
			);
			buildRules = (
			);
			dependencies = (
			);
			name = MyHabits;
			productName = MyHabits;
			productReference = 6A32250528DB067D001387A4 /* MyHabits.app */;
			productType = "com.apple.product-type.application";
		};
/* End PBXNativeTarget section */

/* Begin PBXProject section */
		6A3224FD28DB067D001387A4 /* Project object */ = {
			isa = PBXProject;
			attributes = {
				BuildIndependentTargetsInParallel = 1;
				LastSwiftUpdateCheck = 1400;
				LastUpgradeCheck = 1400;
				TargetAttributes = {
					6A32250428DB067D001387A4 = {
						CreatedOnToolsVersion = 14.0;
					};
				};
			};
			buildConfigurationList = 6A32250028DB067D001387A4 /* Build configuration list for PBXProject "MyHabits" */;
			compatibilityVersion = "Xcode 14.0";
			developmentRegion = en;
			hasScannedForEncodings = 0;
			knownRegions = (
				en,
				Base,
			);
			mainGroup = 6A3224FC28DB067D001387A4;
			productRefGroup = 6A32250628DB067D001387A4 /* Products */;
			projectDirPath = "";
			projectRoot = "";
			targets = (
				6A32250428DB067D001387A4 /* MyHabits */,
			);
		};
/* End PBXProject section */

/* Begin PBXResourcesBuildPhase section */
		6A32250328DB067D001387A4 /* Resources */ = {
			isa = PBXResourcesBuildPhase;
			buildActionMask = 2147483647;
			files = (
				6A32251528DB067D001387A4 /* LaunchScreen.storyboard in Resources */,
				6A32252C28DB0F52001387A4 /* .gitignore in Resources */,
				6A32251228DB067D001387A4 /* Assets.xcassets in Resources */,
			);
			runOnlyForDeploymentPostprocessing = 0;
		};
/* End PBXResourcesBuildPhase section */

/* Begin PBXSourcesBuildPhase section */
		6A32250128DB067D001387A4 /* Sources */ = {
			isa = PBXSourcesBuildPhase;
			buildActionMask = 2147483647;
			files = (
				6A32251D28DB06AA001387A4 /* TabBarController.swift in Sources */,
				6A32250928DB067D001387A4 /* AppDelegate.swift in Sources */,
				6AFFF49628DC4FA400C97612 /* ColorModel.swift in Sources */,
				6A32251F28DB06BE001387A4 /* HabitsViewController.swift in Sources */,
				6A931FC928E04AE2009A8234 /* HabitDetailsViewController.swift in Sources */,
				6ACFF65228DD923200F20210 /* HabitCollectionViewCell.swift in Sources */,
				6A32252E28DB19E8001387A4 /* HabitViewController.swift in Sources */,
				6A32252528DB06EF001387A4 /* HabitsStore.swift in Sources */,
				6A931FCB28E094C4009A8234 /* HabitDetailsTableViewCell.swift in Sources */,
				6ACFF65028DD921D00F20210 /* ProgressCollectionViewCell.swift in Sources */,
				6A32252328DB06E4001387A4 /* InfoModel.swift in Sources */,
				6A32252128DB06D0001387A4 /* InfoViewController.swift in Sources */,
				6A32250B28DB067D001387A4 /* SceneDelegate.swift in Sources */,
			);
			runOnlyForDeploymentPostprocessing = 0;
		};
/* End PBXSourcesBuildPhase section */

/* Begin PBXVariantGroup section */
		6A32251328DB067D001387A4 /* LaunchScreen.storyboard */ = {
			isa = PBXVariantGroup;
			children = (
				6A32251428DB067D001387A4 /* Base */,
			);
			name = LaunchScreen.storyboard;
			sourceTree = "<group>";
		};
/* End PBXVariantGroup section */

/* Begin XCBuildConfiguration section */
		6A32251728DB067D001387A4 /* Debug */ = {
			isa = XCBuildConfiguration;
			buildSettings = {
				ALWAYS_SEARCH_USER_PATHS = NO;
				CLANG_ANALYZER_NONNULL = YES;
				CLANG_ANALYZER_NUMBER_OBJECT_CONVERSION = YES_AGGRESSIVE;
				CLANG_CXX_LANGUAGE_STANDARD = "gnu++20";
				CLANG_ENABLE_MODULES = YES;
				CLANG_ENABLE_OBJC_ARC = YES;
				CLANG_ENABLE_OBJC_WEAK = YES;
				CLANG_WARN_BLOCK_CAPTURE_AUTORELEASING = YES;
				CLANG_WARN_BOOL_CONVERSION = YES;
				CLANG_WARN_COMMA = YES;
				CLANG_WARN_CONSTANT_CONVERSION = YES;
				CLANG_WARN_DEPRECATED_OBJC_IMPLEMENTATIONS = YES;
				CLANG_WARN_DIRECT_OBJC_ISA_USAGE = YES_ERROR;
				CLANG_WARN_DOCUMENTATION_COMMENTS = YES;
				CLANG_WARN_EMPTY_BODY = YES;
				CLANG_WARN_ENUM_CONVERSION = YES;
				CLANG_WARN_INFINITE_RECURSION = YES;
				CLANG_WARN_INT_CONVERSION = YES;
				CLANG_WARN_NON_LITERAL_NULL_CONVERSION = YES;
				CLANG_WARN_OBJC_IMPLICIT_RETAIN_SELF = YES;
				CLANG_WARN_OBJC_LITERAL_CONVERSION = YES;
				CLANG_WARN_OBJC_ROOT_CLASS = YES_ERROR;
				CLANG_WARN_QUOTED_INCLUDE_IN_FRAMEWORK_HEADER = YES;
				CLANG_WARN_RANGE_LOOP_ANALYSIS = YES;
				CLANG_WARN_STRICT_PROTOTYPES = YES;
				CLANG_WARN_SUSPICIOUS_MOVE = YES;
				CLANG_WARN_UNGUARDED_AVAILABILITY = YES_AGGRESSIVE;
				CLANG_WARN_UNREACHABLE_CODE = YES;
				CLANG_WARN__DUPLICATE_METHOD_MATCH = YES;
				COPY_PHASE_STRIP = NO;
				DEBUG_INFORMATION_FORMAT = dwarf;
				ENABLE_STRICT_OBJC_MSGSEND = YES;
				ENABLE_TESTABILITY = YES;
				GCC_C_LANGUAGE_STANDARD = gnu11;
				GCC_DYNAMIC_NO_PIC = NO;
				GCC_NO_COMMON_BLOCKS = YES;
				GCC_OPTIMIZATION_LEVEL = 0;
				GCC_PREPROCESSOR_DEFINITIONS = (
					"DEBUG=1",
					"$(inherited)",
				);
				GCC_WARN_64_TO_32_BIT_CONVERSION = YES;
				GCC_WARN_ABOUT_RETURN_TYPE = YES_ERROR;
				GCC_WARN_UNDECLARED_SELECTOR = YES;
				GCC_WARN_UNINITIALIZED_AUTOS = YES_AGGRESSIVE;
				GCC_WARN_UNUSED_FUNCTION = YES;
				GCC_WARN_UNUSED_VARIABLE = YES;
				IPHONEOS_DEPLOYMENT_TARGET = 16.0;
				MTL_ENABLE_DEBUG_INFO = INCLUDE_SOURCE;
				MTL_FAST_MATH = YES;
				ONLY_ACTIVE_ARCH = YES;
				SDKROOT = iphoneos;
				SWIFT_ACTIVE_COMPILATION_CONDITIONS = DEBUG;
				SWIFT_OPTIMIZATION_LEVEL = "-Onone";
			};
			name = Debug;
		};
		6A32251828DB067D001387A4 /* Release */ = {
			isa = XCBuildConfiguration;
			buildSettings = {
				ALWAYS_SEARCH_USER_PATHS = NO;
				CLANG_ANALYZER_NONNULL = YES;
				CLANG_ANALYZER_NUMBER_OBJECT_CONVERSION = YES_AGGRESSIVE;
				CLANG_CXX_LANGUAGE_STANDARD = "gnu++20";
				CLANG_ENABLE_MODULES = YES;
				CLANG_ENABLE_OBJC_ARC = YES;
				CLANG_ENABLE_OBJC_WEAK = YES;
				CLANG_WARN_BLOCK_CAPTURE_AUTORELEASING = YES;
				CLANG_WARN_BOOL_CONVERSION = YES;
				CLANG_WARN_COMMA = YES;
				CLANG_WARN_CONSTANT_CONVERSION = YES;
				CLANG_WARN_DEPRECATED_OBJC_IMPLEMENTATIONS = YES;
				CLANG_WARN_DIRECT_OBJC_ISA_USAGE = YES_ERROR;
				CLANG_WARN_DOCUMENTATION_COMMENTS = YES;
				CLANG_WARN_EMPTY_BODY = YES;
				CLANG_WARN_ENUM_CONVERSION = YES;
				CLANG_WARN_INFINITE_RECURSION = YES;
				CLANG_WARN_INT_CONVERSION = YES;
				CLANG_WARN_NON_LITERAL_NULL_CONVERSION = YES;
				CLANG_WARN_OBJC_IMPLICIT_RETAIN_SELF = YES;
				CLANG_WARN_OBJC_LITERAL_CONVERSION = YES;
				CLANG_WARN_OBJC_ROOT_CLASS = YES_ERROR;
				CLANG_WARN_QUOTED_INCLUDE_IN_FRAMEWORK_HEADER = YES;
				CLANG_WARN_RANGE_LOOP_ANALYSIS = YES;
				CLANG_WARN_STRICT_PROTOTYPES = YES;
				CLANG_WARN_SUSPICIOUS_MOVE = YES;
				CLANG_WARN_UNGUARDED_AVAILABILITY = YES_AGGRESSIVE;
				CLANG_WARN_UNREACHABLE_CODE = YES;
				CLANG_WARN__DUPLICATE_METHOD_MATCH = YES;
				COPY_PHASE_STRIP = NO;
				DEBUG_INFORMATION_FORMAT = "dwarf-with-dsym";
				ENABLE_NS_ASSERTIONS = NO;
				ENABLE_STRICT_OBJC_MSGSEND = YES;
				GCC_C_LANGUAGE_STANDARD = gnu11;
				GCC_NO_COMMON_BLOCKS = YES;
				GCC_WARN_64_TO_32_BIT_CONVERSION = YES;
				GCC_WARN_ABOUT_RETURN_TYPE = YES_ERROR;
				GCC_WARN_UNDECLARED_SELECTOR = YES;
				GCC_WARN_UNINITIALIZED_AUTOS = YES_AGGRESSIVE;
				GCC_WARN_UNUSED_FUNCTION = YES;
				GCC_WARN_UNUSED_VARIABLE = YES;
				IPHONEOS_DEPLOYMENT_TARGET = 16.0;
				MTL_ENABLE_DEBUG_INFO = NO;
				MTL_FAST_MATH = YES;
				SDKROOT = iphoneos;
				SWIFT_COMPILATION_MODE = wholemodule;
				SWIFT_OPTIMIZATION_LEVEL = "-O";
				VALIDATE_PRODUCT = YES;
			};
			name = Release;
		};
		6A32251A28DB067D001387A4 /* Debug */ = {
			isa = XCBuildConfiguration;
			buildSettings = {
				ASSETCATALOG_COMPILER_APPICON_NAME = AppIcon;
				ASSETCATALOG_COMPILER_GLOBAL_ACCENT_COLOR_NAME = AccentColor;
				CODE_SIGN_STYLE = Automatic;
				CURRENT_PROJECT_VERSION = 1;
				GENERATE_INFOPLIST_FILE = YES;
				INFOPLIST_FILE = MyHabits/Info.plist;
				INFOPLIST_KEY_UIApplicationSupportsIndirectInputEvents = YES;
				INFOPLIST_KEY_UILaunchStoryboardName = LaunchScreen.storyboard;
				INFOPLIST_KEY_UIMainStoryboardFile = LaunchScreen;
				INFOPLIST_KEY_UISupportedInterfaceOrientations_iPad = "UIInterfaceOrientationPortrait UIInterfaceOrientationPortraitUpsideDown UIInterfaceOrientationLandscapeLeft UIInterfaceOrientationLandscapeRight";
				INFOPLIST_KEY_UISupportedInterfaceOrientations_iPhone = "UIInterfaceOrientationPortrait UIInterfaceOrientationLandscapeLeft UIInterfaceOrientationLandscapeRight";
				LD_RUNPATH_SEARCH_PATHS = (
					"$(inherited)",
					"@executable_path/Frameworks",
				);
				MARKETING_VERSION = 1.0;
				PRODUCT_BUNDLE_IDENTIFIER = "theKosmokos-icloud.com.MyHabits";
				PRODUCT_NAME = "$(TARGET_NAME)";
				SWIFT_EMIT_LOC_STRINGS = YES;
				SWIFT_VERSION = 5.0;
				TARGETED_DEVICE_FAMILY = "1,2";
			};
			name = Debug;
		};
		6A32251B28DB067D001387A4 /* Release */ = {
			isa = XCBuildConfiguration;
			buildSettings = {
				ASSETCATALOG_COMPILER_APPICON_NAME = AppIcon;
				ASSETCATALOG_COMPILER_GLOBAL_ACCENT_COLOR_NAME = AccentColor;
				CODE_SIGN_STYLE = Automatic;
				CURRENT_PROJECT_VERSION = 1;
				GENERATE_INFOPLIST_FILE = YES;
				INFOPLIST_FILE = MyHabits/Info.plist;
				INFOPLIST_KEY_UIApplicationSupportsIndirectInputEvents = YES;
				INFOPLIST_KEY_UILaunchStoryboardName = LaunchScreen.storyboard;
				INFOPLIST_KEY_UIMainStoryboardFile = LaunchScreen;
				INFOPLIST_KEY_UISupportedInterfaceOrientations_iPad = "UIInterfaceOrientationPortrait UIInterfaceOrientationPortraitUpsideDown UIInterfaceOrientationLandscapeLeft UIInterfaceOrientationLandscapeRight";
				INFOPLIST_KEY_UISupportedInterfaceOrientations_iPhone = "UIInterfaceOrientationPortrait UIInterfaceOrientationLandscapeLeft UIInterfaceOrientationLandscapeRight";
				LD_RUNPATH_SEARCH_PATHS = (
					"$(inherited)",
					"@executable_path/Frameworks",
				);
				MARKETING_VERSION = 1.0;
				PRODUCT_BUNDLE_IDENTIFIER = "theKosmokos-icloud.com.MyHabits";
				PRODUCT_NAME = "$(TARGET_NAME)";
				SWIFT_EMIT_LOC_STRINGS = YES;
				SWIFT_VERSION = 5.0;
				TARGETED_DEVICE_FAMILY = "1,2";
			};
			name = Release;
		};
/* End XCBuildConfiguration section */

/* Begin XCConfigurationList section */
		6A32250028DB067D001387A4 /* Build configuration list for PBXProject "MyHabits" */ = {
			isa = XCConfigurationList;
			buildConfigurations = (
				6A32251728DB067D001387A4 /* Debug */,
				6A32251828DB067D001387A4 /* Release */,
			);
			defaultConfigurationIsVisible = 0;
			defaultConfigurationName = Release;
		};
		6A32251928DB067D001387A4 /* Build configuration list for PBXNativeTarget "MyHabits" */ = {
			isa = XCConfigurationList;
			buildConfigurations = (
				6A32251A28DB067D001387A4 /* Debug */,
				6A32251B28DB067D001387A4 /* Release */,
			);
			defaultConfigurationIsVisible = 0;
			defaultConfigurationName = Release;
		};
/* End XCConfigurationList section */
	};
	rootObject = 6A3224FD28DB067D001387A4 /* Project object */;
}
